PODS:
  - FMDB (2.7.5):
    - FMDB/standard (= 2.7.5)
  - FMDB/standard (2.7.5)
  - PoporFMDB (1.08):
    - FMDB
    - PoporFoundation/NSString
  - PoporFoundation/NSString (1.04):
    - PoporFoundation/Os
  - PoporFoundation/Os (1.04)

DEPENDENCIES:
  - PoporFMDB (from `../`)

SPEC REPOS:
  https://github.com/CocoaPods/Specs.git:
    - FMDB
    - PoporFoundation

EXTERNAL SOURCES:
  PoporFMDB:
    :path: "../"

SPEC CHECKSUMS:
  FMDB: 2ce00b547f966261cd18927a3ddb07cb6f3db82a
  PoporFMDB: 7416539a9f009ae3b069bec3abaa087bfcd6eea5
  PoporFoundation: f2d6a1484ed875024bcf5ab6fd404a0d7c485d10

PODFILE CHECKSUM: ea9b2afa5c44ad4b9b37e7b071310f3c891a6533

COCOAPODS: 1.9.0
